
Microsoft Visual Studio Solution File, Format Version 12.00
# Visual Studio Version 17
Project("{8BC9CEB8-8B4A-11D0-8D11-00A0C91BC942}") = "ALL_BUILD", "ALL_BUILD.vcxproj", "{7C18CC88-8200-3507-B388-48674E597214}"
	ProjectSection(ProjectDependencies) = postProject
		{6B1C0DAD-8260-3DB3-84F2-80032A01C5E6} = {6B1C0DAD-8260-3DB3-84F2-80032A01C5E6}
		{AC4F28B3-1630-33D8-B09C-C1C3D5937C7E} = {AC4F28B3-1630-33D8-B09C-C1C3D5937C7E}
		{E802BE0B-B34D-390D-9A30-194F1B053AED} = {E802BE0B-B34D-390D-9A30-194F1B053AED}
	EndProjectSection
EndProject
Project("{8BC9CEB8-8B4A-11D0-8D11-00A0C91BC942}") = "FRFXLL", "..\..\src\FRFXLL.vcxproj", "{8F080C6D-05FC-3712-BAC1-775DFEC81B61}"
	ProjectSection(ProjectDependencies) = postProject
		{6B1C0DAD-8260-3DB3-84F2-80032A01C5E6} = {6B1C0DAD-8260-3DB3-84F2-80032A01C5E6}
	EndProjectSection
EndProject
Project("{8BC9CEB8-8B4A-11D0-8D11-00A0C91BC942}") = "FRFXLL_static", "..\..\src\FRFXLL_static.vcxproj", "{0660925A-6866-3804-8572-3DAD7CE4EBAD}"
	ProjectSection(ProjectDependencies) = postProject
		{6B1C0DAD-8260-3DB3-84F2-80032A01C5E6} = {6B1C0DAD-8260-3DB3-84F2-80032A01C5E6}
	EndProjectSection
EndProject
Project("{8BC9CEB8-8B4A-11D0-8D11-00A0C91BC942}") = "ZERO_CHECK", "..\..\..\\ZERO_CHECK.vcxproj", "{6B1C0DAD-8260-3DB3-84F2-80032A01C5E6}"
	ProjectSection(ProjectDependencies) = postProject
	EndProjectSection
EndProject
Project("{8BC9CEB8-8B4A-11D0-8D11-00A0C91BC942}") = "frfxllSample", "frfxllSample.vcxproj", "{AC4F28B3-1630-33D8-B09C-C1C3D5937C7E}"
	ProjectSection(ProjectDependencies) = postProject
		{8F080C6D-05FC-3712-BAC1-775DFEC81B61} = {8F080C6D-05FC-3712-BAC1-775DFEC81B61}
		{6B1C0DAD-8260-3DB3-84F2-80032A01C5E6} = {6B1C0DAD-8260-3DB3-84F2-80032A01C5E6}
	EndProjectSection
EndProject
Project("{8BC9CEB8-8B4A-11D0-8D11-00A0C91BC942}") = "frfxllSample_static", "frfxllSample_static.vcxproj", "{E802BE0B-B34D-390D-9A30-194F1B053AED}"
	ProjectSection(ProjectDependencies) = postProject
		{0660925A-6866-3804-8572-3DAD7CE4EBAD} = {0660925A-6866-3804-8572-3DAD7CE4EBAD}
		{6B1C0DAD-8260-3DB3-84F2-80032A01C5E6} = {6B1C0DAD-8260-3DB3-84F2-80032A01C5E6}
	EndProjectSection
EndProject
Global
	GlobalSection(SolutionConfigurationPlatforms) = preSolution
		Debug|x64 = Debug|x64
		Release|x64 = Release|x64
		MinSizeRel|x64 = MinSizeRel|x64
		RelWithDebInfo|x64 = RelWithDebInfo|x64
	EndGlobalSection
	GlobalSection(ProjectConfigurationPlatforms) = postSolution
		{7C18CC88-8200-3507-B388-48674E597214}.Debug|x64.ActiveCfg = Debug|x64
		{7C18CC88-8200-3507-B388-48674E597214}.Release|x64.ActiveCfg = Release|x64
		{7C18CC88-8200-3507-B388-48674E597214}.MinSizeRel|x64.ActiveCfg = MinSizeRel|x64
		{7C18CC88-8200-3507-B388-48674E597214}.RelWithDebInfo|x64.ActiveCfg = RelWithDebInfo|x64
		{8F080C6D-05FC-3712-BAC1-775DFEC81B61}.Debug|x64.ActiveCfg = Debug|x64
		{8F080C6D-05FC-3712-BAC1-775DFEC81B61}.Debug|x64.Build.0 = Debug|x64
		{8F080C6D-05FC-3712-BAC1-775DFEC81B61}.Release|x64.ActiveCfg = Release|x64
		{8F080C6D-05FC-3712-BAC1-775DFEC81B61}.Release|x64.Build.0 = Release|x64
		{8F080C6D-05FC-3712-BAC1-775DFEC81B61}.MinSizeRel|x64.ActiveCfg = MinSizeRel|x64
		{8F080C6D-05FC-3712-BAC1-775DFEC81B61}.MinSizeRel|x64.Build.0 = MinSizeRel|x64
		{8F080C6D-05FC-3712-BAC1-775DFEC81B61}.RelWithDebInfo|x64.ActiveCfg = RelWithDebInfo|x64
		{8F080C6D-05FC-3712-BAC1-775DFEC81B61}.RelWithDebInfo|x64.Build.0 = RelWithDebInfo|x64
		{0660925A-6866-3804-8572-3DAD7CE4EBAD}.Debug|x64.ActiveCfg = Debug|x64
		{0660925A-6866-3804-8572-3DAD7CE4EBAD}.Debug|x64.Build.0 = Debug|x64
		{0660925A-6866-3804-8572-3DAD7CE4EBAD}.Release|x64.ActiveCfg = Release|x64
		{0660925A-6866-3804-8572-3DAD7CE4EBAD}.Release|x64.Build.0 = Release|x64
		{0660925A-6866-3804-8572-3DAD7CE4EBAD}.MinSizeRel|x64.ActiveCfg = MinSizeRel|x64
		{0660925A-6866-3804-8572-3DAD7CE4EBAD}.MinSizeRel|x64.Build.0 = MinSizeRel|x64
		{0660925A-6866-3804-8572-3DAD7CE4EBAD}.RelWithDebInfo|x64.ActiveCfg = RelWithDebInfo|x64
		{0660925A-6866-3804-8572-3DAD7CE4EBAD}.RelWithDebInfo|x64.Build.0 = RelWithDebInfo|x64
		{6B1C0DAD-8260-3DB3-84F2-80032A01C5E6}.Debug|x64.ActiveCfg = Debug|x64
		{6B1C0DAD-8260-3DB3-84F2-80032A01C5E6}.Debug|x64.Build.0 = Debug|x64
		{6B1C0DAD-8260-3DB3-84F2-80032A01C5E6}.Release|x64.ActiveCfg = Release|x64
		{6B1C0DAD-8260-3DB3-84F2-80032A01C5E6}.Release|x64.Build.0 = Release|x64
		{6B1C0DAD-8260-3DB3-84F2-80032A01C5E6}.MinSizeRel|x64.ActiveCfg = MinSizeRel|x64
		{6B1C0DAD-8260-3DB3-84F2-80032A01C5E6}.MinSizeRel|x64.Build.0 = MinSizeRel|x64
		{6B1C0DAD-8260-3DB3-84F2-80032A01C5E6}.RelWithDebInfo|x64.ActiveCfg = RelWithDebInfo|x64
		{6B1C0DAD-8260-3DB3-84F2-80032A01C5E6}.RelWithDebInfo|x64.Build.0 = RelWithDebInfo|x64
		{AC4F28B3-1630-33D8-B09C-C1C3D5937C7E}.Debug|x64.ActiveCfg = Debug|x64
		{AC4F28B3-1630-33D8-B09C-C1C3D5937C7E}.Debug|x64.Build.0 = Debug|x64
		{AC4F28B3-1630-33D8-B09C-C1C3D5937C7E}.Release|x64.ActiveCfg = Release|x64
		{AC4F28B3-1630-33D8-B09C-C1C3D5937C7E}.Release|x64.Build.0 = Release|x64
		{AC4F28B3-1630-33D8-B09C-C1C3D5937C7E}.MinSizeRel|x64.ActiveCfg = MinSizeRel|x64
		{AC4F28B3-1630-33D8-B09C-C1C3D5937C7E}.MinSizeRel|x64.Build.0 = MinSizeRel|x64
		{AC4F28B3-1630-33D8-B09C-C1C3D5937C7E}.RelWithDebInfo|x64.ActiveCfg = RelWithDebInfo|x64
		{AC4F28B3-1630-33D8-B09C-C1C3D5937C7E}.RelWithDebInfo|x64.Build.0 = RelWithDebInfo|x64
		{E802BE0B-B34D-390D-9A30-194F1B053AED}.Debug|x64.ActiveCfg = Debug|x64
		{E802BE0B-B34D-390D-9A30-194F1B053AED}.Debug|x64.Build.0 = Debug|x64
		{E802BE0B-B34D-390D-9A30-194F1B053AED}.Release|x64.ActiveCfg = Release|x64
		{E802BE0B-B34D-390D-9A30-194F1B053AED}.Release|x64.Build.0 = Release|x64
		{E802BE0B-B34D-390D-9A30-194F1B053AED}.MinSizeRel|x64.ActiveCfg = MinSizeRel|x64
		{E802BE0B-B34D-390D-9A30-194F1B053AED}.MinSizeRel|x64.Build.0 = MinSizeRel|x64
		{E802BE0B-B34D-390D-9A30-194F1B053AED}.RelWithDebInfo|x64.ActiveCfg = RelWithDebInfo|x64
		{E802BE0B-B34D-390D-9A30-194F1B053AED}.RelWithDebInfo|x64.Build.0 = RelWithDebInfo|x64
	EndGlobalSection
	GlobalSection(ExtensibilityGlobals) = postSolution
		SolutionGuid = {D587F539-D3E7-3498-9AC7-9E1A1DD5F045}
	EndGlobalSection
	GlobalSection(ExtensibilityAddIns) = postSolution
	EndGlobalSection
EndGlobal
