
Microsoft Visual Studio Solution File, Format Version 12.00
# Visual Studio Version 17
Project("{8BC9CEB8-8B4A-11D0-8D11-00A0C91BC942}") = "ALL_BUILD", "ALL_BUILD.vcxproj", "{7C18CC88-8200-3507-B388-48674E597214}"
	ProjectSection(ProjectDependencies) = postProject
		{C883B0E9-DEE4-31FC-9CCC-C6C54905E2CB} = {C883B0E9-DEE4-31FC-9CCC-C6C54905E2CB}
		{EFFF9544-2690-35AB-9D54-FC41D45D9481} = {EFFF9544-2690-35AB-9D54-FC41D45D9481}
		{448E8DCD-F7FE-3A7D-B524-A258461871DB} = {448E8DCD-F7FE-3A7D-B524-A258461871DB}
		{8F080C6D-05FC-3712-BAC1-775DFEC81B61} = {8F080C6D-05FC-3712-BAC1-775DFEC81B61}
		{0660925A-6866-3804-8572-3DAD7CE4EBAD} = {0660925A-6866-3804-8572-3DAD7CE4EBAD}
		{68CFF003-8661-354D-84B1-DEFC4CE8BC53} = {68CFF003-8661-354D-84B1-DEFC4CE8BC53}
		{6B1C0DAD-8260-3DB3-84F2-80032A01C5E6} = {6B1C0DAD-8260-3DB3-84F2-80032A01C5E6}
		{35A6F02D-D77A-3B32-9A7B-4F53BB2BCDBF} = {35A6F02D-D77A-3B32-9A7B-4F53BB2BCDBF}
		{F8878459-17B2-373B-A51E-B1DDF46261DC} = {F8878459-17B2-373B-A51E-B1DDF46261DC}
		{AC4F28B3-1630-33D8-B09C-C1C3D5937C7E} = {AC4F28B3-1630-33D8-B09C-C1C3D5937C7E}
		{E802BE0B-B34D-390D-9A30-194F1B053AED} = {E802BE0B-B34D-390D-9A30-194F1B053AED}
	EndProjectSection
EndProject
Project("{8BC9CEB8-8B4A-11D0-8D11-00A0C91BC942}") = "FJFX", "libFJFX\src\FJFX.vcxproj", "{C883B0E9-DEE4-31FC-9CCC-C6C54905E2CB}"
	ProjectSection(ProjectDependencies) = postProject
		{0660925A-6866-3804-8572-3DAD7CE4EBAD} = {0660925A-6866-3804-8572-3DAD7CE4EBAD}
		{6B1C0DAD-8260-3DB3-84F2-80032A01C5E6} = {6B1C0DAD-8260-3DB3-84F2-80032A01C5E6}
	EndProjectSection
EndProject
Project("{8BC9CEB8-8B4A-11D0-8D11-00A0C91BC942}") = "FJFX_MINEX", "libMINEX\src\FJFX_MINEX.vcxproj", "{EFFF9544-2690-35AB-9D54-FC41D45D9481}"
	ProjectSection(ProjectDependencies) = postProject
		{0660925A-6866-3804-8572-3DAD7CE4EBAD} = {0660925A-6866-3804-8572-3DAD7CE4EBAD}
		{6B1C0DAD-8260-3DB3-84F2-80032A01C5E6} = {6B1C0DAD-8260-3DB3-84F2-80032A01C5E6}
	EndProjectSection
EndProject
Project("{8BC9CEB8-8B4A-11D0-8D11-00A0C91BC942}") = "FJFX_static", "libFJFX\src\FJFX_static.vcxproj", "{448E8DCD-F7FE-3A7D-B524-A258461871DB}"
	ProjectSection(ProjectDependencies) = postProject
		{6B1C0DAD-8260-3DB3-84F2-80032A01C5E6} = {6B1C0DAD-8260-3DB3-84F2-80032A01C5E6}
	EndProjectSection
EndProject
Project("{8BC9CEB8-8B4A-11D0-8D11-00A0C91BC942}") = "FRFXLL", "libFRFXLL\src\FRFXLL.vcxproj", "{8F080C6D-05FC-3712-BAC1-775DFEC81B61}"
	ProjectSection(ProjectDependencies) = postProject
		{6B1C0DAD-8260-3DB3-84F2-80032A01C5E6} = {6B1C0DAD-8260-3DB3-84F2-80032A01C5E6}
	EndProjectSection
EndProject
Project("{8BC9CEB8-8B4A-11D0-8D11-00A0C91BC942}") = "FRFXLL_static", "libFRFXLL\src\FRFXLL_static.vcxproj", "{0660925A-6866-3804-8572-3DAD7CE4EBAD}"
	ProjectSection(ProjectDependencies) = postProject
		{6B1C0DAD-8260-3DB3-84F2-80032A01C5E6} = {6B1C0DAD-8260-3DB3-84F2-80032A01C5E6}
	EndProjectSection
EndProject
Project("{8BC9CEB8-8B4A-11D0-8D11-00A0C91BC942}") = "TestVectors", "libFRFXLL\test\TestVectors\TestVectors.vcxproj", "{68CFF003-8661-354D-84B1-DEFC4CE8BC53}"
	ProjectSection(ProjectDependencies) = postProject
		{6B1C0DAD-8260-3DB3-84F2-80032A01C5E6} = {6B1C0DAD-8260-3DB3-84F2-80032A01C5E6}
	EndProjectSection
EndProject
Project("{8BC9CEB8-8B4A-11D0-8D11-00A0C91BC942}") = "ZERO_CHECK", "ZERO_CHECK.vcxproj", "{6B1C0DAD-8260-3DB3-84F2-80032A01C5E6}"
	ProjectSection(ProjectDependencies) = postProject
	EndProjectSection
EndProject
Project("{8BC9CEB8-8B4A-11D0-8D11-00A0C91BC942}") = "fjfxSample", "libFJFX\samples\fjfxSample\fjfxSample.vcxproj", "{35A6F02D-D77A-3B32-9A7B-4F53BB2BCDBF}"
	ProjectSection(ProjectDependencies) = postProject
		{C883B0E9-DEE4-31FC-9CCC-C6C54905E2CB} = {C883B0E9-DEE4-31FC-9CCC-C6C54905E2CB}
		{0660925A-6866-3804-8572-3DAD7CE4EBAD} = {0660925A-6866-3804-8572-3DAD7CE4EBAD}
		{6B1C0DAD-8260-3DB3-84F2-80032A01C5E6} = {6B1C0DAD-8260-3DB3-84F2-80032A01C5E6}
	EndProjectSection
EndProject
Project("{8BC9CEB8-8B4A-11D0-8D11-00A0C91BC942}") = "fjfxSample_static", "libFJFX\samples\fjfxSample\fjfxSample_static.vcxproj", "{F8878459-17B2-373B-A51E-B1DDF46261DC}"
	ProjectSection(ProjectDependencies) = postProject
		{448E8DCD-F7FE-3A7D-B524-A258461871DB} = {448E8DCD-F7FE-3A7D-B524-A258461871DB}
		{0660925A-6866-3804-8572-3DAD7CE4EBAD} = {0660925A-6866-3804-8572-3DAD7CE4EBAD}
		{6B1C0DAD-8260-3DB3-84F2-80032A01C5E6} = {6B1C0DAD-8260-3DB3-84F2-80032A01C5E6}
	EndProjectSection
EndProject
Project("{8BC9CEB8-8B4A-11D0-8D11-00A0C91BC942}") = "frfxllSample", "libFRFXLL\samples\FRFXLLSample\frfxllSample.vcxproj", "{AC4F28B3-1630-33D8-B09C-C1C3D5937C7E}"
	ProjectSection(ProjectDependencies) = postProject
		{8F080C6D-05FC-3712-BAC1-775DFEC81B61} = {8F080C6D-05FC-3712-BAC1-775DFEC81B61}
		{6B1C0DAD-8260-3DB3-84F2-80032A01C5E6} = {6B1C0DAD-8260-3DB3-84F2-80032A01C5E6}
	EndProjectSection
EndProject
Project("{8BC9CEB8-8B4A-11D0-8D11-00A0C91BC942}") = "frfxllSample_static", "libFRFXLL\samples\FRFXLLSample\frfxllSample_static.vcxproj", "{E802BE0B-B34D-390D-9A30-194F1B053AED}"
	ProjectSection(ProjectDependencies) = postProject
		{0660925A-6866-3804-8572-3DAD7CE4EBAD} = {0660925A-6866-3804-8572-3DAD7CE4EBAD}
		{6B1C0DAD-8260-3DB3-84F2-80032A01C5E6} = {6B1C0DAD-8260-3DB3-84F2-80032A01C5E6}
	EndProjectSection
EndProject
Global
	GlobalSection(SolutionConfigurationPlatforms) = preSolution
		Debug|x64 = Debug|x64
		Release|x64 = Release|x64
		MinSizeRel|x64 = MinSizeRel|x64
		RelWithDebInfo|x64 = RelWithDebInfo|x64
	EndGlobalSection
	GlobalSection(ProjectConfigurationPlatforms) = postSolution
		{7C18CC88-8200-3507-B388-48674E597214}.Debug|x64.ActiveCfg = Debug|x64
		{7C18CC88-8200-3507-B388-48674E597214}.Release|x64.ActiveCfg = Release|x64
		{7C18CC88-8200-3507-B388-48674E597214}.MinSizeRel|x64.ActiveCfg = MinSizeRel|x64
		{7C18CC88-8200-3507-B388-48674E597214}.RelWithDebInfo|x64.ActiveCfg = RelWithDebInfo|x64
		{C883B0E9-DEE4-31FC-9CCC-C6C54905E2CB}.Debug|x64.ActiveCfg = Debug|x64
		{C883B0E9-DEE4-31FC-9CCC-C6C54905E2CB}.Debug|x64.Build.0 = Debug|x64
		{C883B0E9-DEE4-31FC-9CCC-C6C54905E2CB}.Release|x64.ActiveCfg = Release|x64
		{C883B0E9-DEE4-31FC-9CCC-C6C54905E2CB}.Release|x64.Build.0 = Release|x64
		{C883B0E9-DEE4-31FC-9CCC-C6C54905E2CB}.MinSizeRel|x64.ActiveCfg = MinSizeRel|x64
		{C883B0E9-DEE4-31FC-9CCC-C6C54905E2CB}.MinSizeRel|x64.Build.0 = MinSizeRel|x64
		{C883B0E9-DEE4-31FC-9CCC-C6C54905E2CB}.RelWithDebInfo|x64.ActiveCfg = RelWithDebInfo|x64
		{C883B0E9-DEE4-31FC-9CCC-C6C54905E2CB}.RelWithDebInfo|x64.Build.0 = RelWithDebInfo|x64
		{EFFF9544-2690-35AB-9D54-FC41D45D9481}.Debug|x64.ActiveCfg = Debug|x64
		{EFFF9544-2690-35AB-9D54-FC41D45D9481}.Debug|x64.Build.0 = Debug|x64
		{EFFF9544-2690-35AB-9D54-FC41D45D9481}.Release|x64.ActiveCfg = Release|x64
		{EFFF9544-2690-35AB-9D54-FC41D45D9481}.Release|x64.Build.0 = Release|x64
		{EFFF9544-2690-35AB-9D54-FC41D45D9481}.MinSizeRel|x64.ActiveCfg = MinSizeRel|x64
		{EFFF9544-2690-35AB-9D54-FC41D45D9481}.MinSizeRel|x64.Build.0 = MinSizeRel|x64
		{EFFF9544-2690-35AB-9D54-FC41D45D9481}.RelWithDebInfo|x64.ActiveCfg = RelWithDebInfo|x64
		{EFFF9544-2690-35AB-9D54-FC41D45D9481}.RelWithDebInfo|x64.Build.0 = RelWithDebInfo|x64
		{448E8DCD-F7FE-3A7D-B524-A258461871DB}.Debug|x64.ActiveCfg = Debug|x64
		{448E8DCD-F7FE-3A7D-B524-A258461871DB}.Debug|x64.Build.0 = Debug|x64
		{448E8DCD-F7FE-3A7D-B524-A258461871DB}.Release|x64.ActiveCfg = Release|x64
		{448E8DCD-F7FE-3A7D-B524-A258461871DB}.Release|x64.Build.0 = Release|x64
		{448E8DCD-F7FE-3A7D-B524-A258461871DB}.MinSizeRel|x64.ActiveCfg = MinSizeRel|x64
		{448E8DCD-F7FE-3A7D-B524-A258461871DB}.MinSizeRel|x64.Build.0 = MinSizeRel|x64
		{448E8DCD-F7FE-3A7D-B524-A258461871DB}.RelWithDebInfo|x64.ActiveCfg = RelWithDebInfo|x64
		{448E8DCD-F7FE-3A7D-B524-A258461871DB}.RelWithDebInfo|x64.Build.0 = RelWithDebInfo|x64
		{8F080C6D-05FC-3712-BAC1-775DFEC81B61}.Debug|x64.ActiveCfg = Debug|x64
		{8F080C6D-05FC-3712-BAC1-775DFEC81B61}.Debug|x64.Build.0 = Debug|x64
		{8F080C6D-05FC-3712-BAC1-775DFEC81B61}.Release|x64.ActiveCfg = Release|x64
		{8F080C6D-05FC-3712-BAC1-775DFEC81B61}.Release|x64.Build.0 = Release|x64
		{8F080C6D-05FC-3712-BAC1-775DFEC81B61}.MinSizeRel|x64.ActiveCfg = MinSizeRel|x64
		{8F080C6D-05FC-3712-BAC1-775DFEC81B61}.MinSizeRel|x64.Build.0 = MinSizeRel|x64
		{8F080C6D-05FC-3712-BAC1-775DFEC81B61}.RelWithDebInfo|x64.ActiveCfg = RelWithDebInfo|x64
		{8F080C6D-05FC-3712-BAC1-775DFEC81B61}.RelWithDebInfo|x64.Build.0 = RelWithDebInfo|x64
		{0660925A-6866-3804-8572-3DAD7CE4EBAD}.Debug|x64.ActiveCfg = Debug|x64
		{0660925A-6866-3804-8572-3DAD7CE4EBAD}.Debug|x64.Build.0 = Debug|x64
		{0660925A-6866-3804-8572-3DAD7CE4EBAD}.Release|x64.ActiveCfg = Release|x64
		{0660925A-6866-3804-8572-3DAD7CE4EBAD}.Release|x64.Build.0 = Release|x64
		{0660925A-6866-3804-8572-3DAD7CE4EBAD}.MinSizeRel|x64.ActiveCfg = MinSizeRel|x64
		{0660925A-6866-3804-8572-3DAD7CE4EBAD}.MinSizeRel|x64.Build.0 = MinSizeRel|x64
		{0660925A-6866-3804-8572-3DAD7CE4EBAD}.RelWithDebInfo|x64.ActiveCfg = RelWithDebInfo|x64
		{0660925A-6866-3804-8572-3DAD7CE4EBAD}.RelWithDebInfo|x64.Build.0 = RelWithDebInfo|x64
		{68CFF003-8661-354D-84B1-DEFC4CE8BC53}.Debug|x64.ActiveCfg = Debug|x64
		{68CFF003-8661-354D-84B1-DEFC4CE8BC53}.Debug|x64.Build.0 = Debug|x64
		{68CFF003-8661-354D-84B1-DEFC4CE8BC53}.Release|x64.ActiveCfg = Release|x64
		{68CFF003-8661-354D-84B1-DEFC4CE8BC53}.Release|x64.Build.0 = Release|x64
		{68CFF003-8661-354D-84B1-DEFC4CE8BC53}.MinSizeRel|x64.ActiveCfg = MinSizeRel|x64
		{68CFF003-8661-354D-84B1-DEFC4CE8BC53}.MinSizeRel|x64.Build.0 = MinSizeRel|x64
		{68CFF003-8661-354D-84B1-DEFC4CE8BC53}.RelWithDebInfo|x64.ActiveCfg = RelWithDebInfo|x64
		{68CFF003-8661-354D-84B1-DEFC4CE8BC53}.RelWithDebInfo|x64.Build.0 = RelWithDebInfo|x64
		{6B1C0DAD-8260-3DB3-84F2-80032A01C5E6}.Debug|x64.ActiveCfg = Debug|x64
		{6B1C0DAD-8260-3DB3-84F2-80032A01C5E6}.Debug|x64.Build.0 = Debug|x64
		{6B1C0DAD-8260-3DB3-84F2-80032A01C5E6}.Release|x64.ActiveCfg = Release|x64
		{6B1C0DAD-8260-3DB3-84F2-80032A01C5E6}.Release|x64.Build.0 = Release|x64
		{6B1C0DAD-8260-3DB3-84F2-80032A01C5E6}.MinSizeRel|x64.ActiveCfg = MinSizeRel|x64
		{6B1C0DAD-8260-3DB3-84F2-80032A01C5E6}.MinSizeRel|x64.Build.0 = MinSizeRel|x64
		{6B1C0DAD-8260-3DB3-84F2-80032A01C5E6}.RelWithDebInfo|x64.ActiveCfg = RelWithDebInfo|x64
		{6B1C0DAD-8260-3DB3-84F2-80032A01C5E6}.RelWithDebInfo|x64.Build.0 = RelWithDebInfo|x64
		{35A6F02D-D77A-3B32-9A7B-4F53BB2BCDBF}.Debug|x64.ActiveCfg = Debug|x64
		{35A6F02D-D77A-3B32-9A7B-4F53BB2BCDBF}.Debug|x64.Build.0 = Debug|x64
		{35A6F02D-D77A-3B32-9A7B-4F53BB2BCDBF}.Release|x64.ActiveCfg = Release|x64
		{35A6F02D-D77A-3B32-9A7B-4F53BB2BCDBF}.Release|x64.Build.0 = Release|x64
		{35A6F02D-D77A-3B32-9A7B-4F53BB2BCDBF}.MinSizeRel|x64.ActiveCfg = MinSizeRel|x64
		{35A6F02D-D77A-3B32-9A7B-4F53BB2BCDBF}.MinSizeRel|x64.Build.0 = MinSizeRel|x64
		{35A6F02D-D77A-3B32-9A7B-4F53BB2BCDBF}.RelWithDebInfo|x64.ActiveCfg = RelWithDebInfo|x64
		{35A6F02D-D77A-3B32-9A7B-4F53BB2BCDBF}.RelWithDebInfo|x64.Build.0 = RelWithDebInfo|x64
		{F8878459-17B2-373B-A51E-B1DDF46261DC}.Debug|x64.ActiveCfg = Debug|x64
		{F8878459-17B2-373B-A51E-B1DDF46261DC}.Debug|x64.Build.0 = Debug|x64
		{F8878459-17B2-373B-A51E-B1DDF46261DC}.Release|x64.ActiveCfg = Release|x64
		{F8878459-17B2-373B-A51E-B1DDF46261DC}.Release|x64.Build.0 = Release|x64
		{F8878459-17B2-373B-A51E-B1DDF46261DC}.MinSizeRel|x64.ActiveCfg = MinSizeRel|x64
		{F8878459-17B2-373B-A51E-B1DDF46261DC}.MinSizeRel|x64.Build.0 = MinSizeRel|x64
		{F8878459-17B2-373B-A51E-B1DDF46261DC}.RelWithDebInfo|x64.ActiveCfg = RelWithDebInfo|x64
		{F8878459-17B2-373B-A51E-B1DDF46261DC}.RelWithDebInfo|x64.Build.0 = RelWithDebInfo|x64
		{AC4F28B3-1630-33D8-B09C-C1C3D5937C7E}.Debug|x64.ActiveCfg = Debug|x64
		{AC4F28B3-1630-33D8-B09C-C1C3D5937C7E}.Debug|x64.Build.0 = Debug|x64
		{AC4F28B3-1630-33D8-B09C-C1C3D5937C7E}.Release|x64.ActiveCfg = Release|x64
		{AC4F28B3-1630-33D8-B09C-C1C3D5937C7E}.Release|x64.Build.0 = Release|x64
		{AC4F28B3-1630-33D8-B09C-C1C3D5937C7E}.MinSizeRel|x64.ActiveCfg = MinSizeRel|x64
		{AC4F28B3-1630-33D8-B09C-C1C3D5937C7E}.MinSizeRel|x64.Build.0 = MinSizeRel|x64
		{AC4F28B3-1630-33D8-B09C-C1C3D5937C7E}.RelWithDebInfo|x64.ActiveCfg = RelWithDebInfo|x64
		{AC4F28B3-1630-33D8-B09C-C1C3D5937C7E}.RelWithDebInfo|x64.Build.0 = RelWithDebInfo|x64
		{E802BE0B-B34D-390D-9A30-194F1B053AED}.Debug|x64.ActiveCfg = Debug|x64
		{E802BE0B-B34D-390D-9A30-194F1B053AED}.Debug|x64.Build.0 = Debug|x64
		{E802BE0B-B34D-390D-9A30-194F1B053AED}.Release|x64.ActiveCfg = Release|x64
		{E802BE0B-B34D-390D-9A30-194F1B053AED}.Release|x64.Build.0 = Release|x64
		{E802BE0B-B34D-390D-9A30-194F1B053AED}.MinSizeRel|x64.ActiveCfg = MinSizeRel|x64
		{E802BE0B-B34D-390D-9A30-194F1B053AED}.MinSizeRel|x64.Build.0 = MinSizeRel|x64
		{E802BE0B-B34D-390D-9A30-194F1B053AED}.RelWithDebInfo|x64.ActiveCfg = RelWithDebInfo|x64
		{E802BE0B-B34D-390D-9A30-194F1B053AED}.RelWithDebInfo|x64.Build.0 = RelWithDebInfo|x64
	EndGlobalSection
	GlobalSection(ExtensibilityGlobals) = postSolution
		SolutionGuid = {AAFC8B7F-878A-3CB5-9F91-001D4C21D4C6}
	EndGlobalSection
	GlobalSection(ExtensibilityAddIns) = postSolution
	EndGlobalSection
EndGlobal
